
Microsoft Visual Studio Solution File, Format Version 12.00
# Visual Studio 15
VisualStudioVersion = 15.0.28307.438
MinimumVisualStudioVersion = 10.0.40219.1
Project("{FAE04EC0-301F-11D3-BF4B-00C04F79EFBC}") = "CAMS Web Mapbox", "WebApplication2\CAMS Web Mapbox.csproj", "{D4009172-9753-415D-9182-1850C094ECA8}"
EndProject
Global
	GlobalSection(SolutionConfigurationPlatforms) = preSolution
		Debug|Any CPU = Debug|Any CPU
		Release|Any CPU = Release|Any CPU
	EndGlobalSection
	GlobalSection(ProjectConfigurationPlatforms) = postSolution
		{D4009172-9753-415D-9182-1850C094ECA8}.Debug|Any CPU.ActiveCfg = Debug|Any CPU
		{D4009172-9753-415D-9182-1850C094ECA8}.Debug|Any CPU.Build.0 = Debug|Any CPU
		{D4009172-9753-415D-9182-1850C094ECA8}.Release|Any CPU.ActiveCfg = Release|Any CPU
		{D4009172-9753-415D-9182-1850C094ECA8}.Release|Any CPU.Build.0 = Release|Any CPU
	EndGlobalSection
	GlobalSection(SolutionProperties) = preSolution
		HideSolutionNode = FALSE
	EndGlobalSection
	GlobalSection(ExtensibilityGlobals) = postSolution
		SolutionGuid = {AD4A40E4-00E4-44E1-82C0-39C4722D262C}
	EndGlobalSection
EndGlobal
